
Microsoft Visual Studio Solution File, Format Version 12.00
# Visual Studio Version 16
VisualStudioVersion = 16.0.29728.190
MinimumVisualStudioVersion = 10.0.40219.1
Project("{FAE04EC0-301F-11D3-BF4B-00C04F79EFBC}") = "RangementCarte", "RangementCarte\RangementCarte.csproj", "{66010294-8A5C-4BD2-A9D3-5A20236FC04D}"
EndProject
Global
	GlobalSection(SolutionConfigurationPlatforms) = preSolution
		Debug|Any CPU = Debug|Any CPU
		Release|Any CPU = Release|Any CPU
	EndGlobalSection
	GlobalSection(ProjectConfigurationPlatforms) = postSolution
		{66010294-8A5C-4BD2-A9D3-5A20236FC04D}.Debug|Any CPU.ActiveCfg = Debug|Any CPU
		{66010294-8A5C-4BD2-A9D3-5A20236FC04D}.Debug|Any CPU.Build.0 = Debug|Any CPU
		{66010294-8A5C-4BD2-A9D3-5A20236FC04D}.Release|Any CPU.ActiveCfg = Release|Any CPU
		{66010294-8A5C-4BD2-A9D3-5A20236FC04D}.Release|Any CPU.Build.0 = Release|Any CPU
	EndGlobalSection
	GlobalSection(SolutionProperties) = preSolution
		HideSolutionNode = FALSE
	EndGlobalSection
	GlobalSection(ExtensibilityGlobals) = postSolution
		SolutionGuid = {CE83FAF4-14F8-4F54-BC8F-BA9C819BAD97}
	EndGlobalSection
EndGlobal
